github.com/go-telegram-bot-api/telegram-bot-api/v5 v5.5.1 h1:wG8n/XJQ07TmjbITcGiUaOtXxdrINDz1b0J1w0SzqDc=
github.com/go-telegram-bot-api/telegram-bot-api/v5 v5.5.1/go.mod h1:A2S0CWkNylc2phvKXWBBdD3K0iGnDBGbzRpISP2zBl8=
github.com/hupe1980/go-huggingface v0.0.15 h1:tTWmUGGunC/BYz4hrwS8SSVtMYVYjceG2uhL8HxeXvw=
github.com/hupe1980/go-huggingface v0.0.15/go.mod h1:IRvsik3+b9BJyw9hCfw1arI6gDObcVto1UA8f3kt8mM=
